// !$*UTF8*$!
{
	archiveVersion = 1;
	classes = {
	};
	objectVersion = 46;
	objects = {

/* Begin PBXBuildFile section */
		8C961DCB1C7A4EFB0041F095 /* AppDelegate.swift in Sources */ = {isa = PBXBuildFile; fileRef = 8C961DCA1C7A4EFB0041F095 /* AppDelegate.swift */; };
		8C961DCD1C7A4EFB0041F095 /* ViewController.swift in Sources */ = {isa = PBXBuildFile; fileRef = 8C961DCC1C7A4EFB0041F095 /* ViewController.swift */; };
		8C961DD01C7A4EFB0041F095 /* Main.storyboard in Resources */ = {isa = PBXBuildFile; fileRef = 8C961DCE1C7A4EFB0041F095 /* Main.storyboard */; };
		8C961DD21C7A4EFB0041F095 /* Assets.xcassets in Resources */ = {isa = PBXBuildFile; fileRef = 8C961DD11C7A4EFB0041F095 /* Assets.xcassets */; };
		8C961DD51C7A4EFB0041F095 /* LaunchScreen.storyboard in Resources */ = {isa = PBXBuildFile; fileRef = 8C961DD31C7A4EFB0041F095 /* LaunchScreen.storyboard */; };
		8C961DE01C7A59B80041F095 /* helloAdele.mp3 in Resources */ = {isa = PBXBuildFile; fileRef = 8C961DDC1C7A59B80041F095 /* helloAdele.mp3 */; };
		8C961DE11C7A59B80041F095 /* lalalaShakira.mp3 in Resources */ = {isa = PBXBuildFile; fileRef = 8C961DDD1C7A59B80041F095 /* lalalaShakira.mp3 */; };
		8C961DE21C7A59B80041F095 /* mariamariaSantana.mp3 in Resources */ = {isa = PBXBuildFile; fileRef = 8C961DDE1C7A59B80041F095 /* mariamariaSantana.mp3 */; };
		8C961DE31C7A59B80041F095 /* pianoManBillyJoel.mp3 in Resources */ = {isa = PBXBuildFile; fileRef = 8C961DDF1C7A59B80041F095 /* pianoManBillyJoel.mp3 */; };
		8C961DE81C7A65900041F095 /* helloAdele.jpg in Resources */ = {isa = PBXBuildFile; fileRef = 8C961DE41C7A65900041F095 /* helloAdele.jpg */; };
		8C961DE91C7A65900041F095 /* lalalaShakira.jpg in Resources */ = {isa = PBXBuildFile; fileRef = 8C961DE51C7A65900041F095 /* lalalaShakira.jpg */; };
		8C961DEA1C7A65900041F095 /* mariamariaSantana.jpg in Resources */ = {isa = PBXBuildFile; fileRef = 8C961DE61C7A65900041F095 /* mariamariaSantana.jpg */; };
		8C961DEB1C7A65900041F095 /* pianoManBillyJoel.jpg in Resources */ = {isa = PBXBuildFile; fileRef = 8C961DE71C7A65900041F095 /* pianoManBillyJoel.jpg */; };
/* End PBXBuildFile section */

/* Begin PBXFileReference section */
		8C961DC71C7A4EFB0041F095 /* songsPlayer.app */ = {isa = PBXFileReference; explicitFileType = wrapper.application; includeInIndex = 0; path = songsPlayer.app; sourceTree = BUILT_PRODUCTS_DIR; };
		8C961DCA1C7A4EFB0041F095 /* AppDelegate.swift */ = {isa = PBXFileReference; lastKnownFileType = sourcecode.swift; path = AppDelegate.swift; sourceTree = "<group>"; };
		8C961DCC1C7A4EFB0041F095 /* ViewController.swift */ = {isa = PBXFileReference; lastKnownFileType = sourcecode.swift; path = ViewController.swift; sourceTree = "<group>"; };
		8C961DCF1C7A4EFB0041F095 /* Base */ = {isa = PBXFileReference; lastKnownFileType = file.storyboard; name = Base; path = Base.lproj/Main.storyboard; sourceTree = "<group>"; };
		8C961DD11C7A4EFB0041F095 /* Assets.xcassets */ = {isa = PBXFileReference; lastKnownFileType = folder.assetcatalog; path = Assets.xcassets; sourceTree = "<group>"; };
		8C961DD41C7A4EFB0041F095 /* Base */ = {isa = PBXFileReference; lastKnownFileType = file.storyboard; name = Base; path = Base.lproj/LaunchScreen.storyboard; sourceTree = "<group>"; };
		8C961DD61C7A4EFB0041F095 /* Info.plist */ = {isa = PBXFileReference; lastKnownFileType = text.plist.xml; path = Info.plist; sourceTree = "<group>"; };
		8C961DDC1C7A59B80041F095 /* helloAdele.mp3 */ = {isa = PBXFileReference; lastKnownFileType = audio.mp3; path = helloAdele.mp3; sourceTree = "<group>"; };
		8C961DDD1C7A59B80041F095 /* lalalaShakira.mp3 */ = {isa = PBXFileReference; lastKnownFileType = audio.mp3; path = lalalaShakira.mp3; sourceTree = "<group>"; };
		8C961DDE1C7A59B80041F095 /* mariamariaSantana.mp3 */ = {isa = PBXFileReference; lastKnownFileType = audio.mp3; path = mariamariaSantana.mp3; sourceTree = "<group>"; };
		8C961DDF1C7A59B80041F095 /* pianoManBillyJoel.mp3 */ = {isa = PBXFileReference; lastKnownFileType = audio.mp3; path = pianoManBillyJoel.mp3; sourceTree = "<group>"; };
		8C961DE41C7A65900041F095 /* helloAdele.jpg */ = {isa = PBXFileReference; lastKnownFileType = image.jpeg; path = helloAdele.jpg; sourceTree = "<group>"; };
		8C961DE51C7A65900041F095 /* lalalaShakira.jpg */ = {isa = PBXFileReference; lastKnownFileType = image.jpeg; path = lalalaShakira.jpg; sourceTree = "<group>"; };
		8C961DE61C7A65900041F095 /* mariamariaSantana.jpg */ = {isa = PBXFileReference; lastKnownFileType = image.jpeg; path = mariamariaSantana.jpg; sourceTree = "<group>"; };
		8C961DE71C7A65900041F095 /* pianoManBillyJoel.jpg */ = {isa = PBXFileReference; lastKnownFileType = image.jpeg; path = pianoManBillyJoel.jpg; sourceTree = "<group>"; };
/* End PBXFileReference section */

/* Begin PBXFrameworksBuildPhase section */
		8C961DC41C7A4EFB0041F095 /* Frameworks */ = {
			isa = PBXFrameworksBuildPhase;
			buildActionMask = 2147483647;
			files = (
			);
			runOnlyForDeploymentPostprocessing = 0;
		};
/* End PBXFrameworksBuildPhase section */

/* Begin PBXGroup section */
		8C961DBE1C7A4EFB0041F095 = {
			isa = PBXGroup;
			children = (
				8C961DC91C7A4EFB0041F095 /* songsPlayer */,
				8C961DC81C7A4EFB0041F095 /* Products */,
			);
			sourceTree = "<group>";
		};
		8C961DC81C7A4EFB0041F095 /* Products */ = {
			isa = PBXGroup;
			children = (
				8C961DC71C7A4EFB0041F095 /* songsPlayer.app */,
			);
			name = Products;
			sourceTree = "<group>";
		};
		8C961DC91C7A4EFB0041F095 /* songsPlayer */ = {
			isa = PBXGroup;
			children = (
				8C961DCA1C7A4EFB0041F095 /* AppDelegate.swift */,
				8C961DCC1C7A4EFB0041F095 /* ViewController.swift */,
				8C961DCE1C7A4EFB0041F095 /* Main.storyboard */,
				8C961DD11C7A4EFB0041F095 /* Assets.xcassets */,
				8C961DD31C7A4EFB0041F095 /* LaunchScreen.storyboard */,
				8C961DD61C7A4EFB0041F095 /* Info.plist */,
				8C961DDC1C7A59B80041F095 /* helloAdele.mp3 */,
				8C961DDD1C7A59B80041F095 /* lalalaShakira.mp3 */,
				8C961DDE1C7A59B80041F095 /* mariamariaSantana.mp3 */,
				8C961DDF1C7A59B80041F095 /* pianoManBillyJoel.mp3 */,
				8C961DE41C7A65900041F095 /* helloAdele.jpg */,
				8C961DE51C7A65900041F095 /* lalalaShakira.jpg */,
				8C961DE61C7A65900041F095 /* mariamariaSantana.jpg */,
				8C961DE71C7A65900041F095 /* pianoManBillyJoel.jpg */,
			);
			path = songsPlayer;
			sourceTree = "<group>";
		};
/* End PBXGroup section */

/* Begin PBXNativeTarget section */
		8C961DC61C7A4EFB0041F095 /* songsPlayer */ = {
			isa = PBXNativeTarget;
			buildConfigurationList = 8C961DD91C7A4EFB0041F095 /* Build configuration list for PBXNativeTarget "songsPlayer" */;
			buildPhases = (
				8C961DC31C7A4EFB0041F095 /* Sources */,
				8C961DC41C7A4EFB0041F095 /* Frameworks */,
				8C961DC51C7A4EFB0041F095 /* Resources */,
			);
			buildRules = (
			);
			dependencies = (
			);
			name = songsPlayer;
			productName = songsPlayer;
			productReference = 8C961DC71C7A4EFB0041F095 /* songsPlayer.app */;
			productType = "com.apple.product-type.application";
		};
/* End PBXNativeTarget section */

/* Begin PBXProject section */
		8C961DBF1C7A4EFB0041F095 /* Project object */ = {
			isa = PBXProject;
			attributes = {
				LastSwiftUpdateCheck = 0720;
				LastUpgradeCheck = 0720;
				ORGANIZATIONNAME = Tablaz;
				TargetAttributes = {
					8C961DC61C7A4EFB0041F095 = {
						CreatedOnToolsVersion = 7.2;
					};
				};
			};
			buildConfigurationList = 8C961DC21C7A4EFB0041F095 /* Build configuration list for PBXProject "songsPlayer" */;
			compatibilityVersion = "Xcode 3.2";
			developmentRegion = English;
			hasScannedForEncodings = 0;
			knownRegions = (
				en,
				Base,
			);
			mainGroup = 8C961DBE1C7A4EFB0041F095;
			productRefGroup = 8C961DC81C7A4EFB0041F095 /* Products */;
			projectDirPath = "";
			projectRoot = "";
			targets = (
				8C961DC61C7A4EFB0041F095 /* songsPlayer */,
			);
		};
/* End PBXProject section */

/* Begin PBXResourcesBuildPhase section */
		8C961DC51C7A4EFB0041F095 /* Resources */ = {
			isa = PBXResourcesBuildPhase;
			buildActionMask = 2147483647;
			files = (
				8C961DD51C7A4EFB0041F095 /* LaunchScreen.storyboard in Resources */,
				8C961DD21C7A4EFB0041F095 /* Assets.xcassets in Resources */,
				8C961DE91C7A65900041F095 /* lalalaShakira.jpg in Resources */,
				8C961DE31C7A59B80041F095 /* pianoManBillyJoel.mp3 in Resources */,
				8C961DD01C7A4EFB0041F095 /* Main.storyboard in Resources */,
				8C961DEB1C7A65900041F095 /* pianoManBillyJoel.jpg in Resources */,
				8C961DE81C7A65900041F095 /* helloAdele.jpg in Resources */,
				8C961DE21C7A59B80041F095 /* mariamariaSantana.mp3 in Resources */,
				8C961DE11C7A59B80041F095 /* lalalaShakira.mp3 in Resources */,
				8C961DEA1C7A65900041F095 /* mariamariaSantana.jpg in Resources */,
				8C961DE01C7A59B80041F095 /* helloAdele.mp3 in Resources */,
			);
			runOnlyForDeploymentPostprocessing = 0;
		};
/* End PBXResourcesBuildPhase section */

/* Begin PBXSourcesBuildPhase section */
		8C961DC31C7A4EFB0041F095 /* Sources */ = {
			isa = PBXSourcesBuildPhase;
			buildActionMask = 2147483647;
			files = (
				8C961DCD1C7A4EFB0041F095 /* ViewController.swift in Sources */,
				8C961DCB1C7A4EFB0041F095 /* AppDelegate.swift in Sources */,
			);
			runOnlyForDeploymentPostprocessing = 0;
		};
/* End PBXSourcesBuildPhase section */

/* Begin PBXVariantGroup section */
		8C961DCE1C7A4EFB0041F095 /* Main.storyboard */ = {
			isa = PBXVariantGroup;
			children = (
				8C961DCF1C7A4EFB0041F095 /* Base */,
			);
			name = Main.storyboard;
			sourceTree = "<group>";
		};
		8C961DD31C7A4EFB0041F095 /* LaunchScreen.storyboard */ = {
			isa = PBXVariantGroup;
			children = (
				8C961DD41C7A4EFB0041F095 /* Base */,
			);
			name = LaunchScreen.storyboard;
			sourceTree = "<group>";
		};
/* End PBXVariantGroup section */

/* Begin XCBuildConfiguration section */
		8C961DD71C7A4EFB0041F095 /* Debug */ = {
			isa = XCBuildConfiguration;
			buildSettings = {
				ALWAYS_SEARCH_USER_PATHS = NO;
				CLANG_CXX_LANGUAGE_STANDARD = "gnu++0x";
				CLANG_CXX_LIBRARY = "libc++";
				CLANG_ENABLE_MODULES = YES;
				CLANG_ENABLE_OBJC_ARC = YES;
				CLANG_WARN_BOOL_CONVERSION = YES;
				CLANG_WARN_CONSTANT_CONVERSION = YES;
				CLANG_WARN_DIRECT_OBJC_ISA_USAGE = YES_ERROR;
				CLANG_WARN_EMPTY_BODY = YES;
				CLANG_WARN_ENUM_CONVERSION = YES;
				CLANG_WARN_INT_CONVERSION = YES;
				CLANG_WARN_OBJC_ROOT_CLASS = YES_ERROR;
				CLANG_WARN_UNREACHABLE_CODE = YES;
				CLANG_WARN__DUPLICATE_METHOD_MATCH = YES;
				"CODE_SIGN_IDENTITY[sdk=iphoneos*]" = "iPhone Developer";
				COPY_PHASE_STRIP = NO;
				DEBUG_INFORMATION_FORMAT = dwarf;
				ENABLE_STRICT_OBJC_MSGSEND = YES;
				ENABLE_TESTABILITY = YES;
				GCC_C_LANGUAGE_STANDARD = gnu99;
				GCC_DYNAMIC_NO_PIC = NO;
				GCC_NO_COMMON_BLOCKS = YES;
				GCC_OPTIMIZATION_LEVEL = 0;
				GCC_PREPROCESSOR_DEFINITIONS = (
					"DEBUG=1",
					"$(inherited)",
				);
				GCC_WARN_64_TO_32_BIT_CONVERSION = YES;
				GCC_WARN_ABOUT_RETURN_TYPE = YES_ERROR;
				GCC_WARN_UNDECLARED_SELECTOR = YES;
				GCC_WARN_UNINITIALIZED_AUTOS = YES_AGGRESSIVE;
				GCC_WARN_UNUSED_FUNCTION = YES;
				GCC_WARN_UNUSED_VARIABLE = YES;
				IPHONEOS_DEPLOYMENT_TARGET = 9.2;
				MTL_ENABLE_DEBUG_INFO = YES;
				ONLY_ACTIVE_ARCH = YES;
				SDKROOT = iphoneos;
				SWIFT_OPTIMIZATION_LEVEL = "-Onone";
			};
			name = Debug;
		};
		8C961DD81C7A4EFB0041F095 /* Release */ = {
			isa = XCBuildConfiguration;
			buildSettings = {
				ALWAYS_SEARCH_USER_PATHS = NO;
				CLANG_CXX_LANGUAGE_STANDARD = "gnu++0x";
				CLANG_CXX_LIBRARY = "libc++";
				CLANG_ENABLE_MODULES = YES;
				CLANG_ENABLE_OBJC_ARC = YES;
				CLANG_WARN_BOOL_CONVERSION = YES;
				CLANG_WARN_CONSTANT_CONVERSION = YES;
				CLANG_WARN_DIRECT_OBJC_ISA_USAGE = YES_ERROR;
				CLANG_WARN_EMPTY_BODY = YES;
				CLANG_WARN_ENUM_CONVERSION = YES;
				CLANG_WARN_INT_CONVERSION = YES;
				CLANG_WARN_OBJC_ROOT_CLASS = YES_ERROR;
				CLANG_WARN_UNREACHABLE_CODE = YES;
				CLANG_WARN__DUPLICATE_METHOD_MATCH = YES;
				"CODE_SIGN_IDENTITY[sdk=iphoneos*]" = "iPhone Developer";
				COPY_PHASE_STRIP = NO;
				DEBUG_INFORMATION_FORMAT = "dwarf-with-dsym";
				ENABLE_NS_ASSERTIONS = NO;
				ENABLE_STRICT_OBJC_MSGSEND = YES;
				GCC_C_LANGUAGE_STANDARD = gnu99;
				GCC_NO_COMMON_BLOCKS = YES;
				GCC_WARN_64_TO_32_BIT_CONVERSION = YES;
				GCC_WARN_ABOUT_RETURN_TYPE = YES_ERROR;
				GCC_WARN_UNDECLARED_SELECTOR = YES;
				GCC_WARN_UNINITIALIZED_AUTOS = YES_AGGRESSIVE;
				GCC_WARN_UNUSED_FUNCTION = YES;
				GCC_WARN_UNUSED_VARIABLE = YES;
				IPHONEOS_DEPLOYMENT_TARGET = 9.2;
				MTL_ENABLE_DEBUG_INFO = NO;
				SDKROOT = iphoneos;
				VALIDATE_PRODUCT = YES;
			};
			name = Release;
		};
		8C961DDA1C7A4EFB0041F095 /* Debug */ = {
			isa = XCBuildConfiguration;
			buildSettings = {
				ASSETCATALOG_COMPILER_APPICON_NAME = AppIcon;
				CODE_SIGN_IDENTITY = "iPhone Developer";
				INFOPLIST_FILE = songsPlayer/Info.plist;
				LD_RUNPATH_SEARCH_PATHS = "$(inherited) @executable_path/Frameworks";
				PRODUCT_BUNDLE_IDENTIFIER = com.tablaz.songsPlayer;
				PRODUCT_NAME = "$(TARGET_NAME)";
			};
			name = Debug;
		};
		8C961DDB1C7A4EFB0041F095 /* Release */ = {
			isa = XCBuildConfiguration;
			buildSettings = {
				ASSETCATALOG_COMPILER_APPICON_NAME = AppIcon;
				CODE_SIGN_IDENTITY = "iPhone Developer";
				INFOPLIST_FILE = songsPlayer/Info.plist;
				LD_RUNPATH_SEARCH_PATHS = "$(inherited) @executable_path/Frameworks";
				PRODUCT_BUNDLE_IDENTIFIER = com.tablaz.songsPlayer;
				PRODUCT_NAME = "$(TARGET_NAME)";
			};
			name = Release;
		};
/* End XCBuildConfiguration section */

/* Begin XCConfigurationList section */
		8C961DC21C7A4EFB0041F095 /* Build configuration list for PBXProject "songsPlayer" */ = {
			isa = XCConfigurationList;
			buildConfigurations = (
				8C961DD71C7A4EFB0041F095 /* Debug */,
				8C961DD81C7A4EFB0041F095 /* Release */,
			);
			defaultConfigurationIsVisible = 0;
			defaultConfigurationName = Release;
		};
		8C961DD91C7A4EFB0041F095 /* Build configuration list for PBXNativeTarget "songsPlayer" */ = {
			isa = XCConfigurationList;
			buildConfigurations = (
				8C961DDA1C7A4EFB0041F095 /* Debug */,
				8C961DDB1C7A4EFB0041F095 /* Release */,
			);
			defaultConfigurationIsVisible = 0;
		};
/* End XCConfigurationList section */
	};
	rootObject = 8C961DBF1C7A4EFB0041F095 /* Project object */;
}
